<Solution>
  <Configurations>
    <Platform Name="x64" />
    <Platform Name="x86" />
  </Configurations>
  <Project Path="Car_Class/Car_Class.vcxproj" Id="d00308f2-87f5-4525-8ab4-b134db8cfedd" />
  <Project Path="Complex_Class/Complex_Class.vcxproj" Id="1cef9b98-635f-468d-8948-df7bc6c54eb5" />
  <Project Path="Lec04_Array_Class/Lec04_Array_Class.vcxproj" Id="ce4b8b13-9a00-4a07-8f6e-4df684b619a9" />
  <Project Path="Polynomial_Class/Polynomial_Class.vcxproj" Id="5106c484-a7a9-4d56-b87e-3d59e82b1a8b" />
</Solution>
